
Microsoft Visual Studio Solution File, Format Version 12.00
# Visual Studio Version 17
VisualStudioVersion = 17.5.33530.505
MinimumVisualStudioVersion = 10.0.40219.1
Project("{FAE04EC0-301F-11D3-BF4B-00C04F79EFBC}") = "Capstone", "Capstone\Capstone.csproj", "{68766829-2B20-41DD-A0A6-D902D9C0DE99}"
EndProject
Global
	GlobalSection(SolutionConfigurationPlatforms) = preSolution
		Debug|Any CPU = Debug|Any CPU
		Release|Any CPU = Release|Any CPU
	EndGlobalSection
	GlobalSection(ProjectConfigurationPlatforms) = postSolution
		{68766829-2B20-41DD-A0A6-D902D9C0DE99}.Debug|Any CPU.ActiveCfg = Debug|Any CPU
		{68766829-2B20-41DD-A0A6-D902D9C0DE99}.Debug|Any CPU.Build.0 = Debug|Any CPU
		{68766829-2B20-41DD-A0A6-D902D9C0DE99}.Release|Any CPU.ActiveCfg = Release|Any CPU
		{68766829-2B20-41DD-A0A6-D902D9C0DE99}.Release|Any CPU.Build.0 = Release|Any CPU
	EndGlobalSection
	GlobalSection(SolutionProperties) = preSolution
		HideSolutionNode = FALSE
	EndGlobalSection
	GlobalSection(ExtensibilityGlobals) = postSolution
		SolutionGuid = {D751C8DD-F228-4635-AD8D-40813D316E9F}
	EndGlobalSection
EndGlobal
